{
  "name": "formsg-sdk",
  "version": "0.1.1",
  "lockfileVersion": 1,
  "requires": true,
  "dependencies": {
    "tweetnacl": {
      "version": "1.0.3",
      "resolved": "https://registry.npmjs.org/tweetnacl/-/tweetnacl-1.0.3.tgz",
      "integrity": "sha512-6rt+RN7aOi1nGMyC4Xa5DdYiukl2UWCbcJft7YhxReBGQD7OAM8Pbxw6YMo4r2diNEA8FEmu32YOn9rhaiE5yw=="
    },
    "tweetnacl-util": {
      "version": "0.15.1",
      "resolved": "https://registry.npmjs.org/tweetnacl-util/-/tweetnacl-util-0.15.1.tgz",
      "integrity": "sha512-RKJBIj8lySrShN4w6i/BonWp2Z/uxwC3h4y7xsRrpP59ZboCd0GpEVsOnMDYLMmKBpYhb5TgHzZXy7wTfYFBRw=="
    }
  }
}
